// !$*UTF8*$!
{
	archiveVersion = 1;
	classes = {
	};
	objectVersion = 46;
	objects = {

/* Begin PBXBuildFile section */
		AADEBD2B1B71851400CDE27E /* AppDelegate.swift in Sources */ = {isa = PBXBuildFile; fileRef = AADEBD2A1B71851400CDE27E /* AppDelegate.swift */; };
		AADEBD2D1B71851400CDE27E /* ViewController.swift in Sources */ = {isa = PBXBuildFile; fileRef = AADEBD2C1B71851400CDE27E /* ViewController.swift */; };
		AADEBD321B71851400CDE27E /* Images.xcassets in Resources */ = {isa = PBXBuildFile; fileRef = AADEBD311B71851400CDE27E /* Images.xcassets */; };
		AADEBD351B71851400CDE27E /* LaunchScreen.xib in Resources */ = {isa = PBXBuildFile; fileRef = AADEBD331B71851400CDE27E /* LaunchScreen.xib */; };
		AADEBD411B71851400CDE27E /* PBRTests.swift in Sources */ = {isa = PBXBuildFile; fileRef = AADEBD401B71851400CDE27E /* PBRTests.swift */; };
		AADEBD4B1B7186E000CDE27E /* MapKit.framework in Frameworks */ = {isa = PBXBuildFile; fileRef = AADEBD4A1B7186E000CDE27E /* MapKit.framework */; };
		AADEBD4D1B71870500CDE27E /* MapViewController.swift in Sources */ = {isa = PBXBuildFile; fileRef = AADEBD4C1B71870500CDE27E /* MapViewController.swift */; };
		AADEBD4F1B7195B000CDE27E /* GISUtils.swift in Sources */ = {isa = PBXBuildFile; fileRef = AADEBD4E1B7195B000CDE27E /* GISUtils.swift */; };
/* End PBXBuildFile section */

/* Begin PBXContainerItemProxy section */
		AADEBD3B1B71851400CDE27E /* PBXContainerItemProxy */ = {
			isa = PBXContainerItemProxy;
			containerPortal = AADEBD1D1B71851400CDE27E /* Project object */;
			proxyType = 1;
			remoteGlobalIDString = AADEBD241B71851400CDE27E;
			remoteInfo = PBR;
		};
/* End PBXContainerItemProxy section */

/* Begin PBXFileReference section */
		AADEBD251B71851400CDE27E /* PBR.app */ = {isa = PBXFileReference; explicitFileType = wrapper.application; includeInIndex = 0; path = PBR.app; sourceTree = BUILT_PRODUCTS_DIR; };
		AADEBD291B71851400CDE27E /* Info.plist */ = {isa = PBXFileReference; lastKnownFileType = text.plist.xml; path = Info.plist; sourceTree = "<group>"; };
		AADEBD2A1B71851400CDE27E /* AppDelegate.swift */ = {isa = PBXFileReference; lastKnownFileType = sourcecode.swift; path = AppDelegate.swift; sourceTree = "<group>"; };
		AADEBD2C1B71851400CDE27E /* ViewController.swift */ = {isa = PBXFileReference; lastKnownFileType = sourcecode.swift; path = ViewController.swift; sourceTree = "<group>"; };
		AADEBD311B71851400CDE27E /* Images.xcassets */ = {isa = PBXFileReference; lastKnownFileType = folder.assetcatalog; path = Images.xcassets; sourceTree = "<group>"; };
		AADEBD341B71851400CDE27E /* Base */ = {isa = PBXFileReference; lastKnownFileType = file.xib; name = Base; path = Base.lproj/LaunchScreen.xib; sourceTree = "<group>"; };
		AADEBD3A1B71851400CDE27E /* PBRTests.xctest */ = {isa = PBXFileReference; explicitFileType = wrapper.cfbundle; includeInIndex = 0; path = PBRTests.xctest; sourceTree = BUILT_PRODUCTS_DIR; };
		AADEBD3F1B71851400CDE27E /* Info.plist */ = {isa = PBXFileReference; lastKnownFileType = text.plist.xml; path = Info.plist; sourceTree = "<group>"; };
		AADEBD401B71851400CDE27E /* PBRTests.swift */ = {isa = PBXFileReference; lastKnownFileType = sourcecode.swift; path = PBRTests.swift; sourceTree = "<group>"; };
		AADEBD4A1B7186E000CDE27E /* MapKit.framework */ = {isa = PBXFileReference; lastKnownFileType = wrapper.framework; name = MapKit.framework; path = System/Library/Frameworks/MapKit.framework; sourceTree = SDKROOT; };
		AADEBD4C1B71870500CDE27E /* MapViewController.swift */ = {isa = PBXFileReference; fileEncoding = 4; lastKnownFileType = sourcecode.swift; path = MapViewController.swift; sourceTree = "<group>"; };
		AADEBD4E1B7195B000CDE27E /* GISUtils.swift */ = {isa = PBXFileReference; fileEncoding = 4; lastKnownFileType = sourcecode.swift; path = GISUtils.swift; sourceTree = "<group>"; };
/* End PBXFileReference section */

/* Begin PBXFrameworksBuildPhase section */
		AADEBD221B71851400CDE27E /* Frameworks */ = {
			isa = PBXFrameworksBuildPhase;
			buildActionMask = 2147483647;
			files = (
				AADEBD4B1B7186E000CDE27E /* MapKit.framework in Frameworks */,
			);
			runOnlyForDeploymentPostprocessing = 0;
		};
		AADEBD371B71851400CDE27E /* Frameworks */ = {
			isa = PBXFrameworksBuildPhase;
			buildActionMask = 2147483647;
			files = (
			);
			runOnlyForDeploymentPostprocessing = 0;
		};
/* End PBXFrameworksBuildPhase section */

/* Begin PBXGroup section */
		AADEBD1C1B71851400CDE27E = {
			isa = PBXGroup;
			children = (
				AADEBD4A1B7186E000CDE27E /* MapKit.framework */,
				AADEBD271B71851400CDE27E /* PBR */,
				AADEBD3D1B71851400CDE27E /* PBRTests */,
				AADEBD261B71851400CDE27E /* Products */,
			);
			sourceTree = "<group>";
		};
		AADEBD261B71851400CDE27E /* Products */ = {
			isa = PBXGroup;
			children = (
				AADEBD251B71851400CDE27E /* PBR.app */,
				AADEBD3A1B71851400CDE27E /* PBRTests.xctest */,
			);
			name = Products;
			sourceTree = "<group>";
		};
		AADEBD271B71851400CDE27E /* PBR */ = {
			isa = PBXGroup;
			children = (
				AADEBD2A1B71851400CDE27E /* AppDelegate.swift */,
				AADEBD2C1B71851400CDE27E /* ViewController.swift */,
				AADEBD4E1B7195B000CDE27E /* GISUtils.swift */,
				AADEBD4C1B71870500CDE27E /* MapViewController.swift */,
				AADEBD311B71851400CDE27E /* Images.xcassets */,
				AADEBD331B71851400CDE27E /* LaunchScreen.xib */,
				AADEBD281B71851400CDE27E /* Supporting Files */,
			);
			path = PBR;
			sourceTree = "<group>";
		};
		AADEBD281B71851400CDE27E /* Supporting Files */ = {
			isa = PBXGroup;
			children = (
				AADEBD291B71851400CDE27E /* Info.plist */,
			);
			name = "Supporting Files";
			sourceTree = "<group>";
		};
		AADEBD3D1B71851400CDE27E /* PBRTests */ = {
			isa = PBXGroup;
			children = (
				AADEBD401B71851400CDE27E /* PBRTests.swift */,
				AADEBD3E1B71851400CDE27E /* Supporting Files */,
			);
			path = PBRTests;
			sourceTree = "<group>";
		};
		AADEBD3E1B71851400CDE27E /* Supporting Files */ = {
			isa = PBXGroup;
			children = (
				AADEBD3F1B71851400CDE27E /* Info.plist */,
			);
			name = "Supporting Files";
			sourceTree = "<group>";
		};
/* End PBXGroup section */

/* Begin PBXNativeTarget section */
		AADEBD241B71851400CDE27E /* PBR */ = {
			isa = PBXNativeTarget;
			buildConfigurationList = AADEBD441B71851400CDE27E /* Build configuration list for PBXNativeTarget "PBR" */;
			buildPhases = (
				AADEBD211B71851400CDE27E /* Sources */,
				AADEBD221B71851400CDE27E /* Frameworks */,
				AADEBD231B71851400CDE27E /* Resources */,
			);
			buildRules = (
			);
			dependencies = (
			);
			name = PBR;
			productName = PBR;
			productReference = AADEBD251B71851400CDE27E /* PBR.app */;
			productType = "com.apple.product-type.application";
		};
		AADEBD391B71851400CDE27E /* PBRTests */ = {
			isa = PBXNativeTarget;
			buildConfigurationList = AADEBD471B71851400CDE27E /* Build configuration list for PBXNativeTarget "PBRTests" */;
			buildPhases = (
				AADEBD361B71851400CDE27E /* Sources */,
				AADEBD371B71851400CDE27E /* Frameworks */,
				AADEBD381B71851400CDE27E /* Resources */,
			);
			buildRules = (
			);
			dependencies = (
				AADEBD3C1B71851400CDE27E /* PBXTargetDependency */,
			);
			name = PBRTests;
			productName = PBRTests;
			productReference = AADEBD3A1B71851400CDE27E /* PBRTests.xctest */;
			productType = "com.apple.product-type.bundle.unit-test";
		};
/* End PBXNativeTarget section */

/* Begin PBXProject section */
		AADEBD1D1B71851400CDE27E /* Project object */ = {
			isa = PBXProject;
			attributes = {
				LastUpgradeCheck = 0640;
				ORGANIZATIONNAME = chihacknight;
				TargetAttributes = {
					AADEBD241B71851400CDE27E = {
						CreatedOnToolsVersion = 6.4;
					};
					AADEBD391B71851400CDE27E = {
						CreatedOnToolsVersion = 6.4;
						TestTargetID = AADEBD241B71851400CDE27E;
					};
				};
			};
			buildConfigurationList = AADEBD201B71851400CDE27E /* Build configuration list for PBXProject "PBR" */;
			compatibilityVersion = "Xcode 3.2";
			developmentRegion = English;
			hasScannedForEncodings = 0;
			knownRegions = (
				en,
				Base,
			);
			mainGroup = AADEBD1C1B71851400CDE27E;
			productRefGroup = AADEBD261B71851400CDE27E /* Products */;
			projectDirPath = "";
			projectRoot = "";
			targets = (
				AADEBD241B71851400CDE27E /* PBR */,
				AADEBD391B71851400CDE27E /* PBRTests */,
			);
		};
/* End PBXProject section */

/* Begin PBXResourcesBuildPhase section */
		AADEBD231B71851400CDE27E /* Resources */ = {
			isa = PBXResourcesBuildPhase;
			buildActionMask = 2147483647;
			files = (
				AADEBD351B71851400CDE27E /* LaunchScreen.xib in Resources */,
				AADEBD321B71851400CDE27E /* Images.xcassets in Resources */,
			);
			runOnlyForDeploymentPostprocessing = 0;
		};
		AADEBD381B71851400CDE27E /* Resources */ = {
			isa = PBXResourcesBuildPhase;
			buildActionMask = 2147483647;
			files = (
			);
			runOnlyForDeploymentPostprocessing = 0;
		};
/* End PBXResourcesBuildPhase section */

/* Begin PBXSourcesBuildPhase section */
		AADEBD211B71851400CDE27E /* Sources */ = {
			isa = PBXSourcesBuildPhase;
			buildActionMask = 2147483647;
			files = (
				AADEBD2D1B71851400CDE27E /* ViewController.swift in Sources */,
				AADEBD4F1B7195B000CDE27E /* GISUtils.swift in Sources */,
				AADEBD4D1B71870500CDE27E /* MapViewController.swift in Sources */,
				AADEBD2B1B71851400CDE27E /* AppDelegate.swift in Sources */,
			);
			runOnlyForDeploymentPostprocessing = 0;
		};
		AADEBD361B71851400CDE27E /* Sources */ = {
			isa = PBXSourcesBuildPhase;
			buildActionMask = 2147483647;
			files = (
				AADEBD411B71851400CDE27E /* PBRTests.swift in Sources */,
			);
			runOnlyForDeploymentPostprocessing = 0;
		};
/* End PBXSourcesBuildPhase section */

/* Begin PBXTargetDependency section */
		AADEBD3C1B71851400CDE27E /* PBXTargetDependency */ = {
			isa = PBXTargetDependency;
			target = AADEBD241B71851400CDE27E /* PBR */;
			targetProxy = AADEBD3B1B71851400CDE27E /* PBXContainerItemProxy */;
		};
/* End PBXTargetDependency section */

/* Begin PBXVariantGroup section */
		AADEBD331B71851400CDE27E /* LaunchScreen.xib */ = {
			isa = PBXVariantGroup;
			children = (
				AADEBD341B71851400CDE27E /* Base */,
			);
			name = LaunchScreen.xib;
			sourceTree = "<group>";
		};
/* End PBXVariantGroup section */

/* Begin XCBuildConfiguration section */
		AADEBD421B71851400CDE27E /* Debug */ = {
			isa = XCBuildConfiguration;
			buildSettings = {
				ALWAYS_SEARCH_USER_PATHS = NO;
				CLANG_CXX_LANGUAGE_STANDARD = "gnu++0x";
				CLANG_CXX_LIBRARY = "libc++";
				CLANG_ENABLE_MODULES = YES;
				CLANG_ENABLE_OBJC_ARC = YES;
				CLANG_WARN_BOOL_CONVERSION = YES;
				CLANG_WARN_CONSTANT_CONVERSION = YES;
				CLANG_WARN_DIRECT_OBJC_ISA_USAGE = YES_ERROR;
				CLANG_WARN_EMPTY_BODY = YES;
				CLANG_WARN_ENUM_CONVERSION = YES;
				CLANG_WARN_INT_CONVERSION = YES;
				CLANG_WARN_OBJC_ROOT_CLASS = YES_ERROR;
				CLANG_WARN_UNREACHABLE_CODE = YES;
				CLANG_WARN__DUPLICATE_METHOD_MATCH = YES;
				"CODE_SIGN_IDENTITY[sdk=iphoneos*]" = "iPhone Developer";
				COPY_PHASE_STRIP = NO;
				DEBUG_INFORMATION_FORMAT = "dwarf-with-dsym";
				ENABLE_STRICT_OBJC_MSGSEND = YES;
				GCC_C_LANGUAGE_STANDARD = gnu99;
				GCC_DYNAMIC_NO_PIC = NO;
				GCC_NO_COMMON_BLOCKS = YES;
				GCC_OPTIMIZATION_LEVEL = 0;
				GCC_PREPROCESSOR_DEFINITIONS = (
					"DEBUG=1",
					"$(inherited)",
				);
				GCC_SYMBOLS_PRIVATE_EXTERN = NO;
				GCC_WARN_64_TO_32_BIT_CONVERSION = YES;
				GCC_WARN_ABOUT_RETURN_TYPE = YES_ERROR;
				GCC_WARN_UNDECLARED_SELECTOR = YES;
				GCC_WARN_UNINITIALIZED_AUTOS = YES_AGGRESSIVE;
				GCC_WARN_UNUSED_FUNCTION = YES;
				GCC_WARN_UNUSED_VARIABLE = YES;
				IPHONEOS_DEPLOYMENT_TARGET = 8.4;
				MTL_ENABLE_DEBUG_INFO = YES;
				ONLY_ACTIVE_ARCH = YES;
				SDKROOT = iphoneos;
				SWIFT_OPTIMIZATION_LEVEL = "-Onone";
			};
			name = Debug;
		};
		AADEBD431B71851400CDE27E /* Release */ = {
			isa = XCBuildConfiguration;
			buildSettings = {
				ALWAYS_SEARCH_USER_PATHS = NO;
				CLANG_CXX_LANGUAGE_STANDARD = "gnu++0x";
				CLANG_CXX_LIBRARY = "libc++";
				CLANG_ENABLE_MODULES = YES;
				CLANG_ENABLE_OBJC_ARC = YES;
				CLANG_WARN_BOOL_CONVERSION = YES;
				CLANG_WARN_CONSTANT_CONVERSION = YES;
				CLANG_WARN_DIRECT_OBJC_ISA_USAGE = YES_ERROR;
				CLANG_WARN_EMPTY_BODY = YES;
				CLANG_WARN_ENUM_CONVERSION = YES;
				CLANG_WARN_INT_CONVERSION = YES;
				CLANG_WARN_OBJC_ROOT_CLASS = YES_ERROR;
				CLANG_WARN_UNREACHABLE_CODE = YES;
				CLANG_WARN__DUPLICATE_METHOD_MATCH = YES;
				"CODE_SIGN_IDENTITY[sdk=iphoneos*]" = "iPhone Developer";
				COPY_PHASE_STRIP = NO;
				DEBUG_INFORMATION_FORMAT = "dwarf-with-dsym";
				ENABLE_NS_ASSERTIONS = NO;
				ENABLE_STRICT_OBJC_MSGSEND = YES;
				GCC_C_LANGUAGE_STANDARD = gnu99;
				GCC_NO_COMMON_BLOCKS = YES;
				GCC_WARN_64_TO_32_BIT_CONVERSION = YES;
				GCC_WARN_ABOUT_RETURN_TYPE = YES_ERROR;
				GCC_WARN_UNDECLARED_SELECTOR = YES;
				GCC_WARN_UNINITIALIZED_AUTOS = YES_AGGRESSIVE;
				GCC_WARN_UNUSED_FUNCTION = YES;
				GCC_WARN_UNUSED_VARIABLE = YES;
				IPHONEOS_DEPLOYMENT_TARGET = 8.4;
				MTL_ENABLE_DEBUG_INFO = NO;
				SDKROOT = iphoneos;
				VALIDATE_PRODUCT = YES;
			};
			name = Release;
		};
		AADEBD451B71851400CDE27E /* Debug */ = {
			isa = XCBuildConfiguration;
			buildSettings = {
				ASSETCATALOG_COMPILER_APPICON_NAME = AppIcon;
				INFOPLIST_FILE = PBR/Info.plist;
				LD_RUNPATH_SEARCH_PATHS = "$(inherited) @executable_path/Frameworks";
				PRODUCT_NAME = "$(TARGET_NAME)";
			};
			name = Debug;
		};
		AADEBD461B71851400CDE27E /* Release */ = {
			isa = XCBuildConfiguration;
			buildSettings = {
				ASSETCATALOG_COMPILER_APPICON_NAME = AppIcon;
				INFOPLIST_FILE = PBR/Info.plist;
				LD_RUNPATH_SEARCH_PATHS = "$(inherited) @executable_path/Frameworks";
				PRODUCT_NAME = "$(TARGET_NAME)";
			};
			name = Release;
		};
		AADEBD481B71851400CDE27E /* Debug */ = {
			isa = XCBuildConfiguration;
			buildSettings = {
				BUNDLE_LOADER = "$(TEST_HOST)";
				FRAMEWORK_SEARCH_PATHS = (
					"$(SDKROOT)/Developer/Library/Frameworks",
					"$(inherited)",
				);
				GCC_PREPROCESSOR_DEFINITIONS = (
					"DEBUG=1",
					"$(inherited)",
				);
				INFOPLIST_FILE = PBRTests/Info.plist;
				LD_RUNPATH_SEARCH_PATHS = "$(inherited) @executable_path/Frameworks @loader_path/Frameworks";
				PRODUCT_NAME = "$(TARGET_NAME)";
				TEST_HOST = "$(BUILT_PRODUCTS_DIR)/PBR.app/PBR";
			};
			name = Debug;
		};
		AADEBD491B71851400CDE27E /* Release */ = {
			isa = XCBuildConfiguration;
			buildSettings = {
				BUNDLE_LOADER = "$(TEST_HOST)";
				FRAMEWORK_SEARCH_PATHS = (
					"$(SDKROOT)/Developer/Library/Frameworks",
					"$(inherited)",
				);
				INFOPLIST_FILE = PBRTests/Info.plist;
				LD_RUNPATH_SEARCH_PATHS = "$(inherited) @executable_path/Frameworks @loader_path/Frameworks";
				PRODUCT_NAME = "$(TARGET_NAME)";
				TEST_HOST = "$(BUILT_PRODUCTS_DIR)/PBR.app/PBR";
			};
			name = Release;
		};
/* End XCBuildConfiguration section */

/* Begin XCConfigurationList section */
		AADEBD201B71851400CDE27E /* Build configuration list for PBXProject "PBR" */ = {
			isa = XCConfigurationList;
			buildConfigurations = (
				AADEBD421B71851400CDE27E /* Debug */,
				AADEBD431B71851400CDE27E /* Release */,
			);
			defaultConfigurationIsVisible = 0;
			defaultConfigurationName = Release;
		};
		AADEBD441B71851400CDE27E /* Build configuration list for PBXNativeTarget "PBR" */ = {
			isa = XCConfigurationList;
			buildConfigurations = (
				AADEBD451B71851400CDE27E /* Debug */,
				AADEBD461B71851400CDE27E /* Release */,
			);
			defaultConfigurationIsVisible = 0;
		};
		AADEBD471B71851400CDE27E /* Build configuration list for PBXNativeTarget "PBRTests" */ = {
			isa = XCConfigurationList;
			buildConfigurations = (
				AADEBD481B71851400CDE27E /* Debug */,
				AADEBD491B71851400CDE27E /* Release */,
			);
			defaultConfigurationIsVisible = 0;
		};
/* End XCConfigurationList section */
	};
	rootObject = AADEBD1D1B71851400CDE27E /* Project object */;
}
